PODS:
  - Alamofire (4.8.2)
  - AZDialogView (1.3.7)
  - JGProgressHUD (2.0.3)
  - KRActivityIndicatorView (3.0.2)
  - KRProgressHUD (3.4.1):
    - KRActivityIndicatorView (= 3.0.2)
  - Realm (3.15.0):
    - Realm/Headers (= 3.15.0)
  - Realm/Headers (3.15.0)
  - RealmSwift (3.15.0):
    - Realm (= 3.15.0)
  - RxSwift (4.5.0)

DEPENDENCIES:
  - Alamofire (~> 4.5)
  - AZDialogView
  - JGProgressHUD
  - KRProgressHUD
  - RealmSwift
  - RxSwift (~> 4)

SPEC REPOS:
  https://github.com/cocoapods/specs.git:
    - Alamofire
    - AZDialogView
    - JGProgressHUD
    - KRActivityIndicatorView
    - KRProgressHUD
    - Realm
    - RealmSwift
    - RxSwift

SPEC CHECKSUMS:
  Alamofire: ae5c501addb7afdbb13687d7f2f722c78734c2d3
  AZDialogView: 617b8fa0774850ef51116ac79c2393b200230e10
  JGProgressHUD: 12b20a8f4ffe05258f8635c1ab92816e451f904d
  KRActivityIndicatorView: a2022d5d3e366207d2690f6bcc550f83aa91241b
  KRProgressHUD: 115363b48feb530ab1f36c4146ed22e779e0f5aa
  Realm: 9b834e1be6062f544805252c812348872dc5d4ed
  RealmSwift: 8a41886f8ab6efef9eb8df97de2f2bb911561a79
  RxSwift: f172070dfd1a93d70a9ab97a5a01166206e1c575

PODFILE CHECKSUM: 8620e80c4c0558925b9512c2d800ba596641fcfb

COCOAPODS: 1.6.1
