// !$*UTF8*$!
{
	archiveVersion = 1;
	classes = {
	};
	objectVersion = 50;
	objects = {

/* Begin PBXBuildFile section */
		041061BF230A78A900E2F3D6 /* AppDelegate.swift in Sources */ = {isa = PBXBuildFile; fileRef = 041061BE230A78A900E2F3D6 /* AppDelegate.swift */; };
		041061C1230A78A900E2F3D6 /* LoginVC.swift in Sources */ = {isa = PBXBuildFile; fileRef = 041061C0230A78A900E2F3D6 /* LoginVC.swift */; };
		041061C4230A78A900E2F3D6 /* Main.storyboard in Resources */ = {isa = PBXBuildFile; fileRef = 041061C2230A78A900E2F3D6 /* Main.storyboard */; };
		041061C6230A78AA00E2F3D6 /* Assets.xcassets in Resources */ = {isa = PBXBuildFile; fileRef = 041061C5230A78AA00E2F3D6 /* Assets.xcassets */; };
		041061C9230A78AA00E2F3D6 /* LaunchScreen.storyboard in Resources */ = {isa = PBXBuildFile; fileRef = 041061C7230A78AA00E2F3D6 /* LaunchScreen.storyboard */; };
		041061D7230A7D9A00E2F3D6 /* LoginPresenter.swift in Sources */ = {isa = PBXBuildFile; fileRef = 041061D6230A7D9A00E2F3D6 /* LoginPresenter.swift */; };
		04F4CB58230BB9CE00ABFCF4 /* RxSwift.framework in Frameworks */ = {isa = PBXBuildFile; fileRef = 04F4CB57230BB9CE00ABFCF4 /* RxSwift.framework */; };
		04F4CB5A230BBD0600ABFCF4 /* Alamofire.framework in Frameworks */ = {isa = PBXBuildFile; fileRef = 04F4CB59230BBD0600ABFCF4 /* Alamofire.framework */; };
		04F4CB5E230BBD0600ABFCF4 /* Realm.framework in Frameworks */ = {isa = PBXBuildFile; fileRef = 04F4CB5D230BBD0600ABFCF4 /* Realm.framework */; };
		04F4CB60230BBD0600ABFCF4 /* RealmSwift.framework in Frameworks */ = {isa = PBXBuildFile; fileRef = 04F4CB5F230BBD0600ABFCF4 /* RealmSwift.framework */; };
		04F4CB63230BBD4D00ABFCF4 /* LoginInteractor.swift in Sources */ = {isa = PBXBuildFile; fileRef = 04F4CB62230BBD4D00ABFCF4 /* LoginInteractor.swift */; };
		04F4CB66230BC01500ABFCF4 /* Json4Swift_Base.swift in Sources */ = {isa = PBXBuildFile; fileRef = 04F4CB64230BC01500ABFCF4 /* Json4Swift_Base.swift */; };
		04F4CB67230BC01500ABFCF4 /* User.swift in Sources */ = {isa = PBXBuildFile; fileRef = 04F4CB65230BC01500ABFCF4 /* User.swift */; };
		04F4CB6A230BED6300ABFCF4 /* LoginVC+Delegate.swift in Sources */ = {isa = PBXBuildFile; fileRef = 04F4CB69230BED6300ABFCF4 /* LoginVC+Delegate.swift */; };
		42C8686245FAB1DF62E02065 /* Pods_Try_MVP.framework in Frameworks */ = {isa = PBXBuildFile; fileRef = 6CF37C1223A89323F1C288DE /* Pods_Try_MVP.framework */; };
/* End PBXBuildFile section */

/* Begin PBXFileReference section */
		041061BB230A78A900E2F3D6 /* Try_MVP.app */ = {isa = PBXFileReference; explicitFileType = wrapper.application; includeInIndex = 0; path = Try_MVP.app; sourceTree = BUILT_PRODUCTS_DIR; };
		041061BE230A78A900E2F3D6 /* AppDelegate.swift */ = {isa = PBXFileReference; lastKnownFileType = sourcecode.swift; path = AppDelegate.swift; sourceTree = "<group>"; };
		041061C0230A78A900E2F3D6 /* LoginVC.swift */ = {isa = PBXFileReference; lastKnownFileType = sourcecode.swift; path = LoginVC.swift; sourceTree = "<group>"; };
		041061C3230A78A900E2F3D6 /* Base */ = {isa = PBXFileReference; lastKnownFileType = file.storyboard; name = Base; path = Base.lproj/Main.storyboard; sourceTree = "<group>"; };
		041061C5230A78AA00E2F3D6 /* Assets.xcassets */ = {isa = PBXFileReference; lastKnownFileType = folder.assetcatalog; path = Assets.xcassets; sourceTree = "<group>"; };
		041061C8230A78AA00E2F3D6 /* Base */ = {isa = PBXFileReference; lastKnownFileType = file.storyboard; name = Base; path = Base.lproj/LaunchScreen.storyboard; sourceTree = "<group>"; };
		041061CA230A78AA00E2F3D6 /* Info.plist */ = {isa = PBXFileReference; lastKnownFileType = text.plist.xml; path = Info.plist; sourceTree = "<group>"; };
		041061D6230A7D9A00E2F3D6 /* LoginPresenter.swift */ = {isa = PBXFileReference; lastKnownFileType = sourcecode.swift; path = LoginPresenter.swift; sourceTree = "<group>"; };
		04F4CB57230BB9CE00ABFCF4 /* RxSwift.framework */ = {isa = PBXFileReference; explicitFileType = wrapper.framework; path = RxSwift.framework; sourceTree = BUILT_PRODUCTS_DIR; };
		04F4CB59230BBD0600ABFCF4 /* Alamofire.framework */ = {isa = PBXFileReference; explicitFileType = wrapper.framework; path = Alamofire.framework; sourceTree = BUILT_PRODUCTS_DIR; };
		04F4CB5B230BBD0600ABFCF4 /* Malert.framework */ = {isa = PBXFileReference; explicitFileType = wrapper.framework; path = Malert.framework; sourceTree = BUILT_PRODUCTS_DIR; };
		04F4CB5D230BBD0600ABFCF4 /* Realm.framework */ = {isa = PBXFileReference; explicitFileType = wrapper.framework; path = Realm.framework; sourceTree = BUILT_PRODUCTS_DIR; };
		04F4CB5F230BBD0600ABFCF4 /* RealmSwift.framework */ = {isa = PBXFileReference; explicitFileType = wrapper.framework; path = RealmSwift.framework; sourceTree = BUILT_PRODUCTS_DIR; };
		04F4CB62230BBD4D00ABFCF4 /* LoginInteractor.swift */ = {isa = PBXFileReference; lastKnownFileType = sourcecode.swift; path = LoginInteractor.swift; sourceTree = "<group>"; };
		04F4CB64230BC01500ABFCF4 /* Json4Swift_Base.swift */ = {isa = PBXFileReference; fileEncoding = 4; lastKnownFileType = sourcecode.swift; path = Json4Swift_Base.swift; sourceTree = "<group>"; };
		04F4CB65230BC01500ABFCF4 /* User.swift */ = {isa = PBXFileReference; fileEncoding = 4; lastKnownFileType = sourcecode.swift; path = User.swift; sourceTree = "<group>"; };
		04F4CB69230BED6300ABFCF4 /* LoginVC+Delegate.swift */ = {isa = PBXFileReference; lastKnownFileType = sourcecode.swift; path = "LoginVC+Delegate.swift"; sourceTree = "<group>"; };
		04F4CB6B230BEE4900ABFCF4 /* NVActivityIndicatorView.framework */ = {isa = PBXFileReference; explicitFileType = wrapper.framework; path = NVActivityIndicatorView.framework; sourceTree = BUILT_PRODUCTS_DIR; };
		48144DA163E2EA5233FF9FCD /* Pods-Try_MVP.debug.xcconfig */ = {isa = PBXFileReference; includeInIndex = 1; lastKnownFileType = text.xcconfig; name = "Pods-Try_MVP.debug.xcconfig"; path = "Target Support Files/Pods-Try_MVP/Pods-Try_MVP.debug.xcconfig"; sourceTree = "<group>"; };
		6CF37C1223A89323F1C288DE /* Pods_Try_MVP.framework */ = {isa = PBXFileReference; explicitFileType = wrapper.framework; includeInIndex = 0; path = Pods_Try_MVP.framework; sourceTree = BUILT_PRODUCTS_DIR; };
		C85B0C424D2E6F0A344F0BD8 /* Pods-Try_MVP.release.xcconfig */ = {isa = PBXFileReference; includeInIndex = 1; lastKnownFileType = text.xcconfig; name = "Pods-Try_MVP.release.xcconfig"; path = "Target Support Files/Pods-Try_MVP/Pods-Try_MVP.release.xcconfig"; sourceTree = "<group>"; };
/* End PBXFileReference section */

/* Begin PBXFrameworksBuildPhase section */
		041061B8230A78A900E2F3D6 /* Frameworks */ = {
			isa = PBXFrameworksBuildPhase;
			buildActionMask = 2147483647;
			files = (
				04F4CB5A230BBD0600ABFCF4 /* Alamofire.framework in Frameworks */,
				04F4CB5E230BBD0600ABFCF4 /* Realm.framework in Frameworks */,
				04F4CB60230BBD0600ABFCF4 /* RealmSwift.framework in Frameworks */,
				04F4CB58230BB9CE00ABFCF4 /* RxSwift.framework in Frameworks */,
				42C8686245FAB1DF62E02065 /* Pods_Try_MVP.framework in Frameworks */,
			);
			runOnlyForDeploymentPostprocessing = 0;
		};
/* End PBXFrameworksBuildPhase section */

/* Begin PBXGroup section */
		041061B2230A78A900E2F3D6 = {
			isa = PBXGroup;
			children = (
				041061BD230A78A900E2F3D6 /* Try_MVP */,
				041061BC230A78A900E2F3D6 /* Products */,
				E7AD635D094A9CDF415B1972 /* Pods */,
				9B28996BE4A425C739245C45 /* Frameworks */,
			);
			sourceTree = "<group>";
		};
		041061BC230A78A900E2F3D6 /* Products */ = {
			isa = PBXGroup;
			children = (
				041061BB230A78A900E2F3D6 /* Try_MVP.app */,
			);
			name = Products;
			sourceTree = "<group>";
		};
		041061BD230A78A900E2F3D6 /* Try_MVP */ = {
			isa = PBXGroup;
			children = (
				04F4CB68230BDC0000ABFCF4 /* Scences */,
				04F4CB70230BFBFF00ABFCF4 /* Storyboard */,
				041061D2230A791400E2F3D6 /* Resources */,
				041061D0230A78AF00E2F3D6 /* Model */,
				04F4CB61230BBD2400ABFCF4 /* Network */,
			);
			path = Try_MVP;
			sourceTree = "<group>";
		};
		041061D0230A78AF00E2F3D6 /* Model */ = {
			isa = PBXGroup;
			children = (
				04F4CB64230BC01500ABFCF4 /* Json4Swift_Base.swift */,
				04F4CB65230BC01500ABFCF4 /* User.swift */,
			);
			path = Model;
			sourceTree = "<group>";
		};
		041061D2230A791400E2F3D6 /* Resources */ = {
			isa = PBXGroup;
			children = (
				041061BE230A78A900E2F3D6 /* AppDelegate.swift */,
				041061C5230A78AA00E2F3D6 /* Assets.xcassets */,
				041061C7230A78AA00E2F3D6 /* LaunchScreen.storyboard */,
				041061CA230A78AA00E2F3D6 /* Info.plist */,
			);
			path = Resources;
			sourceTree = "<group>";
		};
		04F4CB61230BBD2400ABFCF4 /* Network */ = {
			isa = PBXGroup;
			children = (
			);
			path = Network;
			sourceTree = "<group>";
		};
		04F4CB68230BDC0000ABFCF4 /* Scences */ = {
			isa = PBXGroup;
			children = (
				04F4CB73230BFC5600ABFCF4 /* Login */,
				04F4CB72230BFC4600ABFCF4 /* Interactor */,
				04F4CB71230BFC1700ABFCF4 /* Presenter */,
			);
			path = Scences;
			sourceTree = "<group>";
		};
		04F4CB70230BFBFF00ABFCF4 /* Storyboard */ = {
			isa = PBXGroup;
			children = (
				041061C2230A78A900E2F3D6 /* Main.storyboard */,
			);
			path = Storyboard;
			sourceTree = "<group>";
		};
		04F4CB71230BFC1700ABFCF4 /* Presenter */ = {
			isa = PBXGroup;
			children = (
				041061D6230A7D9A00E2F3D6 /* LoginPresenter.swift */,
			);
			path = Presenter;
			sourceTree = "<group>";
		};
		04F4CB72230BFC4600ABFCF4 /* Interactor */ = {
			isa = PBXGroup;
			children = (
				04F4CB62230BBD4D00ABFCF4 /* LoginInteractor.swift */,
			);
			path = Interactor;
			sourceTree = "<group>";
		};
		04F4CB73230BFC5600ABFCF4 /* Login */ = {
			isa = PBXGroup;
			children = (
				041061C0230A78A900E2F3D6 /* LoginVC.swift */,
				04F4CB69230BED6300ABFCF4 /* LoginVC+Delegate.swift */,
			);
			path = Login;
			sourceTree = "<group>";
		};
		9B28996BE4A425C739245C45 /* Frameworks */ = {
			isa = PBXGroup;
			children = (
				04F4CB6B230BEE4900ABFCF4 /* NVActivityIndicatorView.framework */,
				04F4CB59230BBD0600ABFCF4 /* Alamofire.framework */,
				04F4CB5B230BBD0600ABFCF4 /* Malert.framework */,
				04F4CB5D230BBD0600ABFCF4 /* Realm.framework */,
				04F4CB5F230BBD0600ABFCF4 /* RealmSwift.framework */,
				04F4CB57230BB9CE00ABFCF4 /* RxSwift.framework */,
				6CF37C1223A89323F1C288DE /* Pods_Try_MVP.framework */,
			);
			name = Frameworks;
			sourceTree = "<group>";
		};
		E7AD635D094A9CDF415B1972 /* Pods */ = {
			isa = PBXGroup;
			children = (
				48144DA163E2EA5233FF9FCD /* Pods-Try_MVP.debug.xcconfig */,
				C85B0C424D2E6F0A344F0BD8 /* Pods-Try_MVP.release.xcconfig */,
			);
			path = Pods;
			sourceTree = "<group>";
		};
/* End PBXGroup section */

/* Begin PBXNativeTarget section */
		041061BA230A78A900E2F3D6 /* Try_MVP */ = {
			isa = PBXNativeTarget;
			buildConfigurationList = 041061CD230A78AA00E2F3D6 /* Build configuration list for PBXNativeTarget "Try_MVP" */;
			buildPhases = (
				9A8A8071C8E6189C2C6A1012 /* [CP] Check Pods Manifest.lock */,
				041061B7230A78A900E2F3D6 /* Sources */,
				041061B8230A78A900E2F3D6 /* Frameworks */,
				041061B9230A78A900E2F3D6 /* Resources */,
				A5D320B630160E596D6617AF /* [CP] Embed Pods Frameworks */,
			);
			buildRules = (
			);
			dependencies = (
			);
			name = Try_MVP;
			productName = Try_MVP;
			productReference = 041061BB230A78A900E2F3D6 /* Try_MVP.app */;
			productType = "com.apple.product-type.application";
		};
/* End PBXNativeTarget section */

/* Begin PBXProject section */
		041061B3230A78A900E2F3D6 /* Project object */ = {
			isa = PBXProject;
			attributes = {
				LastSwiftUpdateCheck = 1020;
				LastUpgradeCheck = 1020;
				ORGANIZATIONNAME = Mac;
				TargetAttributes = {
					041061BA230A78A900E2F3D6 = {
						CreatedOnToolsVersion = 10.2.1;
					};
				};
			};
			buildConfigurationList = 041061B6230A78A900E2F3D6 /* Build configuration list for PBXProject "Try_MVP" */;
			compatibilityVersion = "Xcode 9.3";
			developmentRegion = en;
			hasScannedForEncodings = 0;
			knownRegions = (
				en,
				Base,
			);
			mainGroup = 041061B2230A78A900E2F3D6;
			productRefGroup = 041061BC230A78A900E2F3D6 /* Products */;
			projectDirPath = "";
			projectRoot = "";
			targets = (
				041061BA230A78A900E2F3D6 /* Try_MVP */,
			);
		};
/* End PBXProject section */

/* Begin PBXResourcesBuildPhase section */
		041061B9230A78A900E2F3D6 /* Resources */ = {
			isa = PBXResourcesBuildPhase;
			buildActionMask = 2147483647;
			files = (
				041061C9230A78AA00E2F3D6 /* LaunchScreen.storyboard in Resources */,
				041061C6230A78AA00E2F3D6 /* Assets.xcassets in Resources */,
				041061C4230A78A900E2F3D6 /* Main.storyboard in Resources */,
			);
			runOnlyForDeploymentPostprocessing = 0;
		};
/* End PBXResourcesBuildPhase section */

/* Begin PBXShellScriptBuildPhase section */
		9A8A8071C8E6189C2C6A1012 /* [CP] Check Pods Manifest.lock */ = {
			isa = PBXShellScriptBuildPhase;
			buildActionMask = 2147483647;
			files = (
			);
			inputFileListPaths = (
			);
			inputPaths = (
				"${PODS_PODFILE_DIR_PATH}/Podfile.lock",
				"${PODS_ROOT}/Manifest.lock",
			);
			name = "[CP] Check Pods Manifest.lock";
			outputFileListPaths = (
			);
			outputPaths = (
				"$(DERIVED_FILE_DIR)/Pods-Try_MVP-checkManifestLockResult.txt",
			);
			runOnlyForDeploymentPostprocessing = 0;
			shellPath = /bin/sh;
			shellScript = "diff \"${PODS_PODFILE_DIR_PATH}/Podfile.lock\" \"${PODS_ROOT}/Manifest.lock\" > /dev/null\nif [ $? != 0 ] ; then\n    # print error to STDERR\n    echo \"error: The sandbox is not in sync with the Podfile.lock. Run 'pod install' or update your CocoaPods installation.\" >&2\n    exit 1\nfi\n# This output is used by Xcode 'outputs' to avoid re-running this script phase.\necho \"SUCCESS\" > \"${SCRIPT_OUTPUT_FILE_0}\"\n";
			showEnvVarsInLog = 0;
		};
		A5D320B630160E596D6617AF /* [CP] Embed Pods Frameworks */ = {
			isa = PBXShellScriptBuildPhase;
			buildActionMask = 2147483647;
			files = (
			);
			inputFileListPaths = (
			);
			inputPaths = (
				"${PODS_ROOT}/Target Support Files/Pods-Try_MVP/Pods-Try_MVP-frameworks.sh",
				"${BUILT_PRODUCTS_DIR}/AZDialogView/AZDialogView.framework",
				"${BUILT_PRODUCTS_DIR}/Alamofire/Alamofire.framework",
				"${BUILT_PRODUCTS_DIR}/JGProgressHUD/JGProgressHUD.framework",
				"${BUILT_PRODUCTS_DIR}/KRActivityIndicatorView/KRActivityIndicatorView.framework",
				"${BUILT_PRODUCTS_DIR}/KRProgressHUD/KRProgressHUD.framework",
				"${BUILT_PRODUCTS_DIR}/Realm/Realm.framework",
				"${BUILT_PRODUCTS_DIR}/RealmSwift/RealmSwift.framework",
				"${BUILT_PRODUCTS_DIR}/RxSwift/RxSwift.framework",
			);
			name = "[CP] Embed Pods Frameworks";
			outputFileListPaths = (
			);
			outputPaths = (
				"${TARGET_BUILD_DIR}/${FRAMEWORKS_FOLDER_PATH}/AZDialogView.framework",
				"${TARGET_BUILD_DIR}/${FRAMEWORKS_FOLDER_PATH}/Alamofire.framework",
				"${TARGET_BUILD_DIR}/${FRAMEWORKS_FOLDER_PATH}/JGProgressHUD.framework",
				"${TARGET_BUILD_DIR}/${FRAMEWORKS_FOLDER_PATH}/KRActivityIndicatorView.framework",
				"${TARGET_BUILD_DIR}/${FRAMEWORKS_FOLDER_PATH}/KRProgressHUD.framework",
				"${TARGET_BUILD_DIR}/${FRAMEWORKS_FOLDER_PATH}/Realm.framework",
				"${TARGET_BUILD_DIR}/${FRAMEWORKS_FOLDER_PATH}/RealmSwift.framework",
				"${TARGET_BUILD_DIR}/${FRAMEWORKS_FOLDER_PATH}/RxSwift.framework",
			);
			runOnlyForDeploymentPostprocessing = 0;
			shellPath = /bin/sh;
			shellScript = "\"${PODS_ROOT}/Target Support Files/Pods-Try_MVP/Pods-Try_MVP-frameworks.sh\"\n";
			showEnvVarsInLog = 0;
		};
/* End PBXShellScriptBuildPhase section */

/* Begin PBXSourcesBuildPhase section */
		041061B7230A78A900E2F3D6 /* Sources */ = {
			isa = PBXSourcesBuildPhase;
			buildActionMask = 2147483647;
			files = (
				04F4CB63230BBD4D00ABFCF4 /* LoginInteractor.swift in Sources */,
				04F4CB6A230BED6300ABFCF4 /* LoginVC+Delegate.swift in Sources */,
				041061D7230A7D9A00E2F3D6 /* LoginPresenter.swift in Sources */,
				04F4CB67230BC01500ABFCF4 /* User.swift in Sources */,
				041061C1230A78A900E2F3D6 /* LoginVC.swift in Sources */,
				04F4CB66230BC01500ABFCF4 /* Json4Swift_Base.swift in Sources */,
				041061BF230A78A900E2F3D6 /* AppDelegate.swift in Sources */,
			);
			runOnlyForDeploymentPostprocessing = 0;
		};
/* End PBXSourcesBuildPhase section */

/* Begin PBXVariantGroup section */
		041061C2230A78A900E2F3D6 /* Main.storyboard */ = {
			isa = PBXVariantGroup;
			children = (
				041061C3230A78A900E2F3D6 /* Base */,
			);
			name = Main.storyboard;
			sourceTree = "<group>";
		};
		041061C7230A78AA00E2F3D6 /* LaunchScreen.storyboard */ = {
			isa = PBXVariantGroup;
			children = (
				041061C8230A78AA00E2F3D6 /* Base */,
			);
			name = LaunchScreen.storyboard;
			sourceTree = "<group>";
		};
/* End PBXVariantGroup section */

/* Begin XCBuildConfiguration section */
		041061CB230A78AA00E2F3D6 /* Debug */ = {
			isa = XCBuildConfiguration;
			buildSettings = {
				ALWAYS_SEARCH_USER_PATHS = NO;
				CLANG_ANALYZER_NONNULL = YES;
				CLANG_ANALYZER_NUMBER_OBJECT_CONVERSION = YES_AGGRESSIVE;
				CLANG_CXX_LANGUAGE_STANDARD = "gnu++14";
				CLANG_CXX_LIBRARY = "libc++";
				CLANG_ENABLE_MODULES = YES;
				CLANG_ENABLE_OBJC_ARC = YES;
				CLANG_ENABLE_OBJC_WEAK = YES;
				CLANG_WARN_BLOCK_CAPTURE_AUTORELEASING = YES;
				CLANG_WARN_BOOL_CONVERSION = YES;
				CLANG_WARN_COMMA = YES;
				CLANG_WARN_CONSTANT_CONVERSION = YES;
				CLANG_WARN_DEPRECATED_OBJC_IMPLEMENTATIONS = YES;
				CLANG_WARN_DIRECT_OBJC_ISA_USAGE = YES_ERROR;
				CLANG_WARN_DOCUMENTATION_COMMENTS = YES;
				CLANG_WARN_EMPTY_BODY = YES;
				CLANG_WARN_ENUM_CONVERSION = YES;
				CLANG_WARN_INFINITE_RECURSION = YES;
				CLANG_WARN_INT_CONVERSION = YES;
				CLANG_WARN_NON_LITERAL_NULL_CONVERSION = YES;
				CLANG_WARN_OBJC_IMPLICIT_RETAIN_SELF = YES;
				CLANG_WARN_OBJC_LITERAL_CONVERSION = YES;
				CLANG_WARN_OBJC_ROOT_CLASS = YES_ERROR;
				CLANG_WARN_RANGE_LOOP_ANALYSIS = YES;
				CLANG_WARN_STRICT_PROTOTYPES = YES;
				CLANG_WARN_SUSPICIOUS_MOVE = YES;
				CLANG_WARN_UNGUARDED_AVAILABILITY = YES_AGGRESSIVE;
				CLANG_WARN_UNREACHABLE_CODE = YES;
				CLANG_WARN__DUPLICATE_METHOD_MATCH = YES;
				CODE_SIGN_IDENTITY = "iPhone Developer";
				COPY_PHASE_STRIP = NO;
				DEBUG_INFORMATION_FORMAT = dwarf;
				ENABLE_STRICT_OBJC_MSGSEND = YES;
				ENABLE_TESTABILITY = YES;
				GCC_C_LANGUAGE_STANDARD = gnu11;
				GCC_DYNAMIC_NO_PIC = NO;
				GCC_NO_COMMON_BLOCKS = YES;
				GCC_OPTIMIZATION_LEVEL = 0;
				GCC_PREPROCESSOR_DEFINITIONS = (
					"DEBUG=1",
					"$(inherited)",
				);
				GCC_WARN_64_TO_32_BIT_CONVERSION = YES;
				GCC_WARN_ABOUT_RETURN_TYPE = YES_ERROR;
				GCC_WARN_UNDECLARED_SELECTOR = YES;
				GCC_WARN_UNINITIALIZED_AUTOS = YES_AGGRESSIVE;
				GCC_WARN_UNUSED_FUNCTION = YES;
				GCC_WARN_UNUSED_VARIABLE = YES;
				IPHONEOS_DEPLOYMENT_TARGET = 12.2;
				MTL_ENABLE_DEBUG_INFO = INCLUDE_SOURCE;
				MTL_FAST_MATH = YES;
				ONLY_ACTIVE_ARCH = YES;
				SDKROOT = iphoneos;
				SWIFT_ACTIVE_COMPILATION_CONDITIONS = DEBUG;
				SWIFT_OPTIMIZATION_LEVEL = "-Onone";
			};
			name = Debug;
		};
		041061CC230A78AA00E2F3D6 /* Release */ = {
			isa = XCBuildConfiguration;
			buildSettings = {
				ALWAYS_SEARCH_USER_PATHS = NO;
				CLANG_ANALYZER_NONNULL = YES;
				CLANG_ANALYZER_NUMBER_OBJECT_CONVERSION = YES_AGGRESSIVE;
				CLANG_CXX_LANGUAGE_STANDARD = "gnu++14";
				CLANG_CXX_LIBRARY = "libc++";
				CLANG_ENABLE_MODULES = YES;
				CLANG_ENABLE_OBJC_ARC = YES;
				CLANG_ENABLE_OBJC_WEAK = YES;
				CLANG_WARN_BLOCK_CAPTURE_AUTORELEASING = YES;
				CLANG_WARN_BOOL_CONVERSION = YES;
				CLANG_WARN_COMMA = YES;
				CLANG_WARN_CONSTANT_CONVERSION = YES;
				CLANG_WARN_DEPRECATED_OBJC_IMPLEMENTATIONS = YES;
				CLANG_WARN_DIRECT_OBJC_ISA_USAGE = YES_ERROR;
				CLANG_WARN_DOCUMENTATION_COMMENTS = YES;
				CLANG_WARN_EMPTY_BODY = YES;
				CLANG_WARN_ENUM_CONVERSION = YES;
				CLANG_WARN_INFINITE_RECURSION = YES;
				CLANG_WARN_INT_CONVERSION = YES;
				CLANG_WARN_NON_LITERAL_NULL_CONVERSION = YES;
				CLANG_WARN_OBJC_IMPLICIT_RETAIN_SELF = YES;
				CLANG_WARN_OBJC_LITERAL_CONVERSION = YES;
				CLANG_WARN_OBJC_ROOT_CLASS = YES_ERROR;
				CLANG_WARN_RANGE_LOOP_ANALYSIS = YES;
				CLANG_WARN_STRICT_PROTOTYPES = YES;
				CLANG_WARN_SUSPICIOUS_MOVE = YES;
				CLANG_WARN_UNGUARDED_AVAILABILITY = YES_AGGRESSIVE;
				CLANG_WARN_UNREACHABLE_CODE = YES;
				CLANG_WARN__DUPLICATE_METHOD_MATCH = YES;
				CODE_SIGN_IDENTITY = "iPhone Developer";
				COPY_PHASE_STRIP = NO;
				DEBUG_INFORMATION_FORMAT = "dwarf-with-dsym";
				ENABLE_NS_ASSERTIONS = NO;
				ENABLE_STRICT_OBJC_MSGSEND = YES;
				GCC_C_LANGUAGE_STANDARD = gnu11;
				GCC_NO_COMMON_BLOCKS = YES;
				GCC_WARN_64_TO_32_BIT_CONVERSION = YES;
				GCC_WARN_ABOUT_RETURN_TYPE = YES_ERROR;
				GCC_WARN_UNDECLARED_SELECTOR = YES;
				GCC_WARN_UNINITIALIZED_AUTOS = YES_AGGRESSIVE;
				GCC_WARN_UNUSED_FUNCTION = YES;
				GCC_WARN_UNUSED_VARIABLE = YES;
				IPHONEOS_DEPLOYMENT_TARGET = 12.2;
				MTL_ENABLE_DEBUG_INFO = NO;
				MTL_FAST_MATH = YES;
				SDKROOT = iphoneos;
				SWIFT_COMPILATION_MODE = wholemodule;
				SWIFT_OPTIMIZATION_LEVEL = "-O";
				VALIDATE_PRODUCT = YES;
			};
			name = Release;
		};
		041061CE230A78AA00E2F3D6 /* Debug */ = {
			isa = XCBuildConfiguration;
			baseConfigurationReference = 48144DA163E2EA5233FF9FCD /* Pods-Try_MVP.debug.xcconfig */;
			buildSettings = {
				ASSETCATALOG_COMPILER_APPICON_NAME = AppIcon;
				CODE_SIGN_STYLE = Automatic;
				INFOPLIST_FILE = "$(SRCROOT)/Try_MVP/Resources/Info.plist";
				LD_RUNPATH_SEARCH_PATHS = (
					"$(inherited)",
					"@executable_path/Frameworks",
				);
				PRODUCT_BUNDLE_IDENTIFIER = "com.edu.kw.ad-moe.Try-MVP";
				PRODUCT_NAME = "$(TARGET_NAME)";
				SWIFT_VERSION = 5.0;
				TARGETED_DEVICE_FAMILY = 1;
			};
			name = Debug;
		};
		041061CF230A78AA00E2F3D6 /* Release */ = {
			isa = XCBuildConfiguration;
			baseConfigurationReference = C85B0C424D2E6F0A344F0BD8 /* Pods-Try_MVP.release.xcconfig */;
			buildSettings = {
				ASSETCATALOG_COMPILER_APPICON_NAME = AppIcon;
				CODE_SIGN_STYLE = Automatic;
				INFOPLIST_FILE = "$(SRCROOT)/Try_MVP/Resources/Info.plist";
				LD_RUNPATH_SEARCH_PATHS = (
					"$(inherited)",
					"@executable_path/Frameworks",
				);
				PRODUCT_BUNDLE_IDENTIFIER = "com.edu.kw.ad-moe.Try-MVP";
				PRODUCT_NAME = "$(TARGET_NAME)";
				SWIFT_VERSION = 5.0;
				TARGETED_DEVICE_FAMILY = 1;
			};
			name = Release;
		};
/* End XCBuildConfiguration section */

/* Begin XCConfigurationList section */
		041061B6230A78A900E2F3D6 /* Build configuration list for PBXProject "Try_MVP" */ = {
			isa = XCConfigurationList;
			buildConfigurations = (
				041061CB230A78AA00E2F3D6 /* Debug */,
				041061CC230A78AA00E2F3D6 /* Release */,
			);
			defaultConfigurationIsVisible = 0;
			defaultConfigurationName = Release;
		};
		041061CD230A78AA00E2F3D6 /* Build configuration list for PBXNativeTarget "Try_MVP" */ = {
			isa = XCConfigurationList;
			buildConfigurations = (
				041061CE230A78AA00E2F3D6 /* Debug */,
				041061CF230A78AA00E2F3D6 /* Release */,
			);
			defaultConfigurationIsVisible = 0;
			defaultConfigurationName = Release;
		};
/* End XCConfigurationList section */
	};
	rootObject = 041061B3230A78A900E2F3D6 /* Project object */;
}
